dependencies:
- name: neo4j
  repository: https://helm.neo4j.com/neo4j
  version: 5.26.21
- name: feeder
  repository: ""
  version: 1.0.0
- name: manager
  repository: ""
  version: 1.0.0
- name: frontend
  repository: ""
  version: 1.0.0
digest: sha256:96621a0fc561d71c30432345cd4caa96f1ba0a74adcb5e93f327c37ec1f4270e
generated: "2026-02-14T20:10:12.304813+02:00"
