dependencies:
- name: neo4j
  repository: https://helm.neo4j.com/neo4j
  version: 5.26.21
- name: feeder
  repository: ""
  version: 1.0.0
- name: manager
  repository: ""
  version: 1.0.0
digest: sha256:0e284dab6ac283841df2cc7733943b7064726fbb53109fbc16db641dd0e03dc4
generated: "2026-02-13T19:10:50.590268+02:00"
